
Microsoft Visual Studio Solution File, Format Version 12.00
# Visual Studio Version 17
VisualStudioVersion = 17.12.35707.178
MinimumVisualStudioVersion = 10.0.40219.1
Project("{FAE04EC0-301F-11D3-BF4B-00C04F79EFBC}") = "CarApp", "CarApp\CarApp.csproj", "{DD61200D-826B-49FB-9184-B53B6F4376F7}"
EndProject
Project("{FAE04EC0-301F-11D3-BF4B-00C04F79EFBC}") = "CarApp.test", "CarApp.test\CarApp.test.csproj", "{AE384BDF-0F7F-486C-ACFE-806F19D75CDB}"
EndProject
Global
	GlobalSection(SolutionConfigurationPlatforms) = preSolution
		Debug|Any CPU = Debug|Any CPU
		Release|Any CPU = Release|Any CPU
	EndGlobalSection
	GlobalSection(ProjectConfigurationPlatforms) = postSolution
		{DD61200D-826B-49FB-9184-B53B6F4376F7}.Debug|Any CPU.ActiveCfg = Debug|Any CPU
		{DD61200D-826B-49FB-9184-B53B6F4376F7}.Debug|Any CPU.Build.0 = Debug|Any CPU
		{DD61200D-826B-49FB-9184-B53B6F4376F7}.Release|Any CPU.ActiveCfg = Release|Any CPU
		{DD61200D-826B-49FB-9184-B53B6F4376F7}.Release|Any CPU.Build.0 = Release|Any CPU
		{AE384BDF-0F7F-486C-ACFE-806F19D75CDB}.Debug|Any CPU.ActiveCfg = Debug|Any CPU
		{AE384BDF-0F7F-486C-ACFE-806F19D75CDB}.Debug|Any CPU.Build.0 = Debug|Any CPU
		{AE384BDF-0F7F-486C-ACFE-806F19D75CDB}.Release|Any CPU.ActiveCfg = Release|Any CPU
		{AE384BDF-0F7F-486C-ACFE-806F19D75CDB}.Release|Any CPU.Build.0 = Release|Any CPU
	EndGlobalSection
	GlobalSection(SolutionProperties) = preSolution
		HideSolutionNode = FALSE
	EndGlobalSection
EndGlobal
